
Microsoft Visual Studio Solution File, Format Version 12.00
# Visual Studio Version 17
VisualStudioVersion = 17.2.32616.157
MinimumVisualStudioVersion = 10.0.40219.1
Project("{FAE04EC0-301F-11D3-BF4B-00C04F79EFBC}") = "SemenovaTours", "SemenovaTours\SemenovaTours.csproj", "{81FCF24E-92C0-45FF-BBEC-5712205F1C62}"
EndProject
Global
	GlobalSection(SolutionConfigurationPlatforms) = preSolution
		Debug|Any CPU = Debug|Any CPU
		Release|Any CPU = Release|Any CPU
	EndGlobalSection
	GlobalSection(ProjectConfigurationPlatforms) = postSolution
		{81FCF24E-92C0-45FF-BBEC-5712205F1C62}.Debug|Any CPU.ActiveCfg = Debug|Any CPU
		{81FCF24E-92C0-45FF-BBEC-5712205F1C62}.Debug|Any CPU.Build.0 = Debug|Any CPU
		{81FCF24E-92C0-45FF-BBEC-5712205F1C62}.Release|Any CPU.ActiveCfg = Release|Any CPU
		{81FCF24E-92C0-45FF-BBEC-5712205F1C62}.Release|Any CPU.Build.0 = Release|Any CPU
	EndGlobalSection
	GlobalSection(SolutionProperties) = preSolution
		HideSolutionNode = FALSE
	EndGlobalSection
	GlobalSection(ExtensibilityGlobals) = postSolution
		SolutionGuid = {1996DEEE-26C1-4B83-9974-861AB3324B90}
	EndGlobalSection
EndGlobal
